
Microsoft Visual Studio Solution File, Format Version 12.00
# Visual Studio Version 17
VisualStudioVersion = 17.14.36705.20
MinimumVisualStudioVersion = 10.0.40219.1
Project("{FAE04EC0-301F-11D3-BF4B-00C04F79EFBC}") = "NhapDiemWeb1", "NhapDiemWeb1\NhapDiemWeb1.csproj", "{EBDF97C2-FF73-434F-9B8A-87BC65C0CCDB}"
EndProject
Global
	GlobalSection(SolutionConfigurationPlatforms) = preSolution
		Debug|Any CPU = Debug|Any CPU
		Release|Any CPU = Release|Any CPU
	EndGlobalSection
	GlobalSection(ProjectConfigurationPlatforms) = postSolution
		{EBDF97C2-FF73-434F-9B8A-87BC65C0CCDB}.Debug|Any CPU.ActiveCfg = Debug|Any CPU
		{EBDF97C2-FF73-434F-9B8A-87BC65C0CCDB}.Debug|Any CPU.Build.0 = Debug|Any CPU
		{EBDF97C2-FF73-434F-9B8A-87BC65C0CCDB}.Release|Any CPU.ActiveCfg = Release|Any CPU
		{EBDF97C2-FF73-434F-9B8A-87BC65C0CCDB}.Release|Any CPU.Build.0 = Release|Any CPU
	EndGlobalSection
	GlobalSection(SolutionProperties) = preSolution
		HideSolutionNode = FALSE
	EndGlobalSection
	GlobalSection(ExtensibilityGlobals) = postSolution
		SolutionGuid = {7FE8767D-2842-42DF-9E64-2810688A703C}
	EndGlobalSection
EndGlobal
